
Microsoft Visual Studio Solution File, Format Version 12.00
# Visual Studio Version 17
VisualStudioVersion = 17.0.32112.339
MinimumVisualStudioVersion = 10.0.40219.1
Project("{FAE04EC0-301F-11D3-BF4B-00C04F79EFBC}") = "FakeNewsGenerator", "FakeNewsGenerator.csproj", "{222EF61E-CFA0-418D-BA23-3973C4A33440}"
EndProject
Global
	GlobalSection(SolutionConfigurationPlatforms) = preSolution
		Debug|Any CPU = Debug|Any CPU
		Release|Any CPU = Release|Any CPU
	EndGlobalSection
	GlobalSection(ProjectConfigurationPlatforms) = postSolution
		{222EF61E-CFA0-418D-BA23-3973C4A33440}.Debug|Any CPU.ActiveCfg = Debug|Any CPU
		{222EF61E-CFA0-418D-BA23-3973C4A33440}.Debug|Any CPU.Build.0 = Debug|Any CPU
		{222EF61E-CFA0-418D-BA23-3973C4A33440}.Release|Any CPU.ActiveCfg = Release|Any CPU
		{222EF61E-CFA0-418D-BA23-3973C4A33440}.Release|Any CPU.Build.0 = Release|Any CPU
	EndGlobalSection
	GlobalSection(SolutionProperties) = preSolution
		HideSolutionNode = FALSE
	EndGlobalSection
	GlobalSection(ExtensibilityGlobals) = postSolution
		SolutionGuid = {1DDFA8C5-8831-49A5-8A5D-88D1F053A849}
	EndGlobalSection
EndGlobal
